// !$*UTF8*$!
{
	archiveVersion = 1;
	classes = {
	};
	objectVersion = 46;
	objects = {

/* Begin PBXBuildFile section */
		27D34FB74FE56793092BEF2C /* Pods_empa2.framework in Frameworks */ = {isa = PBXBuildFile; fileRef = 17F0FE57B81B3E06330E9B91 /* Pods_empa2.framework */; };
		3612F2A11E0F833D0060C23C /* Extensions.swift in Sources */ = {isa = PBXBuildFile; fileRef = 3612F2A01E0F833D0060C23C /* Extensions.swift */; };
		3612F2A31E0F8E350060C23C /* DataViewController.swift in Sources */ = {isa = PBXBuildFile; fileRef = 3612F2A21E0F8E350060C23C /* DataViewController.swift */; };
		361657071E119D2C006798F9 /* Charts.framework in Frameworks */ = {isa = PBXBuildFile; fileRef = 361657001E119D25006798F9 /* Charts.framework */; };
		361657081E119D2C006798F9 /* Charts.framework in Embed Frameworks */ = {isa = PBXBuildFile; fileRef = 361657001E119D25006798F9 /* Charts.framework */; settings = {ATTRIBUTES = (CodeSignOnCopy, RemoveHeadersOnCopy, ); }; };
		363CF4B01E103F6300B43723 /* Protocols.swift in Sources */ = {isa = PBXBuildFile; fileRef = 363CF4AF1E103F6300B43723 /* Protocols.swift */; };
		365F61C31E0F94B900C0D4B0 /* DataManager.swift in Sources */ = {isa = PBXBuildFile; fileRef = 365F61C21E0F94B900C0D4B0 /* DataManager.swift */; };
		365F61D01E0F9A4A00C0D4B0 /* ResearchKit.framework in Frameworks */ = {isa = PBXBuildFile; fileRef = 365F61CD1E0F9A1F00C0D4B0 /* ResearchKit.framework */; };
		365F61D11E0F9A4A00C0D4B0 /* ResearchKit.framework in Embed Frameworks */ = {isa = PBXBuildFile; fileRef = 365F61CD1E0F9A1F00C0D4B0 /* ResearchKit.framework */; settings = {ATTRIBUTES = (CodeSignOnCopy, RemoveHeadersOnCopy, ); }; };
		36D1CA681E0DDE7300ADB5A5 /* AppDelegate.swift in Sources */ = {isa = PBXBuildFile; fileRef = 36D1CA671E0DDE7300ADB5A5 /* AppDelegate.swift */; };
		36D1CA6F1E0DDE7300ADB5A5 /* Assets.xcassets in Resources */ = {isa = PBXBuildFile; fileRef = 36D1CA6E1E0DDE7300ADB5A5 /* Assets.xcassets */; };
		36D1CA721E0DDE7300ADB5A5 /* LaunchScreen.storyboard in Resources */ = {isa = PBXBuildFile; fileRef = 36D1CA701E0DDE7300ADB5A5 /* LaunchScreen.storyboard */; };
		36D1CA7D1E0DDE7300ADB5A5 /* empa2Tests.swift in Sources */ = {isa = PBXBuildFile; fileRef = 36D1CA7C1E0DDE7300ADB5A5 /* empa2Tests.swift */; };
		36D1CA881E0DDE7300ADB5A5 /* empa2UITests.swift in Sources */ = {isa = PBXBuildFile; fileRef = 36D1CA871E0DDE7300ADB5A5 /* empa2UITests.swift */; };
		36D1CA971E0DDFB100ADB5A5 /* CameraViewCell.xib in Resources */ = {isa = PBXBuildFile; fileRef = 36D1CA951E0DDFB100ADB5A5 /* CameraViewCell.xib */; };
		36D1CA981E0DDFB100ADB5A5 /* PlaceholderCell.xib in Resources */ = {isa = PBXBuildFile; fileRef = 36D1CA961E0DDFB100ADB5A5 /* PlaceholderCell.xib */; };
		36D1CA9C1E0DDFDA00ADB5A5 /* PlaceholderCell.swift in Sources */ = {isa = PBXBuildFile; fileRef = 36D1CA991E0DDFDA00ADB5A5 /* PlaceholderCell.swift */; };
		36D1CA9D1E0DDFDA00ADB5A5 /* CameraViewCell.swift in Sources */ = {isa = PBXBuildFile; fileRef = 36D1CA9A1E0DDFDA00ADB5A5 /* CameraViewCell.swift */; };
		36D1CA9E1E0DDFDA00ADB5A5 /* FrontCameraView.swift in Sources */ = {isa = PBXBuildFile; fileRef = 36D1CA9B1E0DDFDA00ADB5A5 /* FrontCameraView.swift */; };
		36D1CAA01E0DDFE500ADB5A5 /* Main.storyboard in Resources */ = {isa = PBXBuildFile; fileRef = 36D1CA9F1E0DDFE500ADB5A5 /* Main.storyboard */; };
		36D1CAA21E0DE07300ADB5A5 /* SessionViewController.swift in Sources */ = {isa = PBXBuildFile; fileRef = 36D1CAA11E0DE07300ADB5A5 /* SessionViewController.swift */; };
		5C39576911D881DDF41DAD12 /* Pods_empa2Tests.framework in Frameworks */ = {isa = PBXBuildFile; fileRef = 2A24DEDD8DC4C153297F4E2B /* Pods_empa2Tests.framework */; };
		B9BEF937960D894BA1510396 /* Pods_empa2UITests.framework in Frameworks */ = {isa = PBXBuildFile; fileRef = EACA32E45050071A182DD9E5 /* Pods_empa2UITests.framework */; };
/* End PBXBuildFile section */

/* Begin PBXContainerItemProxy section */
		361656FF1E119D25006798F9 /* PBXContainerItemProxy */ = {
			isa = PBXContainerItemProxy;
			containerPortal = 361656F91E119D25006798F9 /* Charts.xcodeproj */;
			proxyType = 2;
			remoteGlobalIDString = 06165F241D8110E600722320;
			remoteInfo = Charts;
		};
		361657011E119D25006798F9 /* PBXContainerItemProxy */ = {
			isa = PBXContainerItemProxy;
			containerPortal = 361656F91E119D25006798F9 /* Charts.xcodeproj */;
			proxyType = 2;
			remoteGlobalIDString = 06B120D51D811E6200D14B02;
			remoteInfo = ChartsRealm;
		};
		361657031E119D25006798F9 /* PBXContainerItemProxy */ = {
			isa = PBXContainerItemProxy;
			containerPortal = 361656F91E119D25006798F9 /* Charts.xcodeproj */;
			proxyType = 2;
			remoteGlobalIDString = 06165F2E1D8110E600722320;
			remoteInfo = ChartsTests;
		};
		361657091E119D2C006798F9 /* PBXContainerItemProxy */ = {
			isa = PBXContainerItemProxy;
			containerPortal = 361656F91E119D25006798F9 /* Charts.xcodeproj */;
			proxyType = 1;
			remoteGlobalIDString = 06165F231D8110E600722320;
			remoteInfo = Charts;
		};
		365F61CC1E0F9A1F00C0D4B0 /* PBXContainerItemProxy */ = {
			isa = PBXContainerItemProxy;
			containerPortal = 365F61C61E0F9A1F00C0D4B0 /* ResearchKit.xcodeproj */;
			proxyType = 2;
			remoteGlobalIDString = B183A5951A8535D100C76870;
			remoteInfo = ResearchKit;
		};
		365F61CE1E0F9A1F00C0D4B0 /* PBXContainerItemProxy */ = {
			isa = PBXContainerItemProxy;
			containerPortal = 365F61C61E0F9A1F00C0D4B0 /* ResearchKit.xcodeproj */;
			proxyType = 2;
			remoteGlobalIDString = 86CC8E9A1AC09332001CCD89;
			remoteInfo = ResearchKitTests;
		};
		365F61D21E0F9A4A00C0D4B0 /* PBXContainerItemProxy */ = {
			isa = PBXContainerItemProxy;
			containerPortal = 365F61C61E0F9A1F00C0D4B0 /* ResearchKit.xcodeproj */;
			proxyType = 1;
			remoteGlobalIDString = B183A4731A8535D100C76870;
			remoteInfo = ResearchKit;
		};
		36D1CA791E0DDE7300ADB5A5 /* PBXContainerItemProxy */ = {
			isa = PBXContainerItemProxy;
			containerPortal = 36D1CA5C1E0DDE7300ADB5A5 /* Project object */;
			proxyType = 1;
			remoteGlobalIDString = 36D1CA631E0DDE7300ADB5A5;
			remoteInfo = empa2;
		};
		36D1CA841E0DDE7300ADB5A5 /* PBXContainerItemProxy */ = {
			isa = PBXContainerItemProxy;
			containerPortal = 36D1CA5C1E0DDE7300ADB5A5 /* Project object */;
			proxyType = 1;
			remoteGlobalIDString = 36D1CA631E0DDE7300ADB5A5;
			remoteInfo = empa2;
		};
/* End PBXContainerItemProxy section */

/* Begin PBXCopyFilesBuildPhase section */
		365F61D41E0F9A4A00C0D4B0 /* Embed Frameworks */ = {
			isa = PBXCopyFilesBuildPhase;
			buildActionMask = 2147483647;
			dstPath = "";
			dstSubfolderSpec = 10;
			files = (
				365F61D11E0F9A4A00C0D4B0 /* ResearchKit.framework in Embed Frameworks */,
				361657081E119D2C006798F9 /* Charts.framework in Embed Frameworks */,
			);
			name = "Embed Frameworks";
			runOnlyForDeploymentPostprocessing = 0;
		};
/* End PBXCopyFilesBuildPhase section */

/* Begin PBXFileReference section */
		17F0FE57B81B3E06330E9B91 /* Pods_empa2.framework */ = {isa = PBXFileReference; explicitFileType = wrapper.framework; includeInIndex = 0; path = Pods_empa2.framework; sourceTree = BUILT_PRODUCTS_DIR; };
		2A24DEDD8DC4C153297F4E2B /* Pods_empa2Tests.framework */ = {isa = PBXFileReference; explicitFileType = wrapper.framework; includeInIndex = 0; path = Pods_empa2Tests.framework; sourceTree = BUILT_PRODUCTS_DIR; };
		3612F2A01E0F833D0060C23C /* Extensions.swift */ = {isa = PBXFileReference; fileEncoding = 4; lastKnownFileType = sourcecode.swift; path = Extensions.swift; sourceTree = "<group>"; };
		3612F2A21E0F8E350060C23C /* DataViewController.swift */ = {isa = PBXFileReference; fileEncoding = 4; lastKnownFileType = sourcecode.swift; path = DataViewController.swift; sourceTree = "<group>"; };
		361656F91E119D25006798F9 /* Charts.xcodeproj */ = {isa = PBXFileReference; lastKnownFileType = "wrapper.pb-project"; name = Charts.xcodeproj; path = "../../../../Downloads/Charts-master/Charts.xcodeproj"; sourceTree = "<group>"; };
		363CF4AF1E103F6300B43723 /* Protocols.swift */ = {isa = PBXFileReference; fileEncoding = 4; lastKnownFileType = sourcecode.swift; path = Protocols.swift; sourceTree = "<group>"; };
		365F61C21E0F94B900C0D4B0 /* DataManager.swift */ = {isa = PBXFileReference; fileEncoding = 4; lastKnownFileType = sourcecode.swift; path = DataManager.swift; sourceTree = "<group>"; };
		365F61C61E0F9A1F00C0D4B0 /* ResearchKit.xcodeproj */ = {isa = PBXFileReference; lastKnownFileType = "wrapper.pb-project"; name = ResearchKit.xcodeproj; path = "../../../../Downloads/ResearchKit-master/ResearchKit.xcodeproj"; sourceTree = "<group>"; };
		36D1CA641E0DDE7300ADB5A5 /* empa2.app */ = {isa = PBXFileReference; explicitFileType = wrapper.application; includeInIndex = 0; path = empa2.app; sourceTree = BUILT_PRODUCTS_DIR; };
		36D1CA671E0DDE7300ADB5A5 /* AppDelegate.swift */ = {isa = PBXFileReference; lastKnownFileType = sourcecode.swift; path = AppDelegate.swift; sourceTree = "<group>"; };
		36D1CA6E1E0DDE7300ADB5A5 /* Assets.xcassets */ = {isa = PBXFileReference; lastKnownFileType = folder.assetcatalog; path = Assets.xcassets; sourceTree = "<group>"; };
		36D1CA711E0DDE7300ADB5A5 /* Base */ = {isa = PBXFileReference; lastKnownFileType = file.storyboard; name = Base; path = Base.lproj/LaunchScreen.storyboard; sourceTree = "<group>"; };
		36D1CA731E0DDE7300ADB5A5 /* Info.plist */ = {isa = PBXFileReference; lastKnownFileType = text.plist.xml; path = Info.plist; sourceTree = "<group>"; };
		36D1CA781E0DDE7300ADB5A5 /* empa2Tests.xctest */ = {isa = PBXFileReference; explicitFileType = wrapper.cfbundle; includeInIndex = 0; path = empa2Tests.xctest; sourceTree = BUILT_PRODUCTS_DIR; };
		36D1CA7C1E0DDE7300ADB5A5 /* empa2Tests.swift */ = {isa = PBXFileReference; lastKnownFileType = sourcecode.swift; path = empa2Tests.swift; sourceTree = "<group>"; };
		36D1CA7E1E0DDE7300ADB5A5 /* Info.plist */ = {isa = PBXFileReference; lastKnownFileType = text.plist.xml; path = Info.plist; sourceTree = "<group>"; };
		36D1CA831E0DDE7300ADB5A5 /* empa2UITests.xctest */ = {isa = PBXFileReference; explicitFileType = wrapper.cfbundle; includeInIndex = 0; path = empa2UITests.xctest; sourceTree = BUILT_PRODUCTS_DIR; };
		36D1CA871E0DDE7300ADB5A5 /* empa2UITests.swift */ = {isa = PBXFileReference; lastKnownFileType = sourcecode.swift; path = empa2UITests.swift; sourceTree = "<group>"; };
		36D1CA891E0DDE7300ADB5A5 /* Info.plist */ = {isa = PBXFileReference; lastKnownFileType = text.plist.xml; path = Info.plist; sourceTree = "<group>"; };
		36D1CA951E0DDFB100ADB5A5 /* CameraViewCell.xib */ = {isa = PBXFileReference; fileEncoding = 4; lastKnownFileType = file.xib; path = CameraViewCell.xib; sourceTree = "<group>"; };
		36D1CA961E0DDFB100ADB5A5 /* PlaceholderCell.xib */ = {isa = PBXFileReference; fileEncoding = 4; lastKnownFileType = file.xib; path = PlaceholderCell.xib; sourceTree = "<group>"; };
		36D1CA991E0DDFDA00ADB5A5 /* PlaceholderCell.swift */ = {isa = PBXFileReference; fileEncoding = 4; lastKnownFileType = sourcecode.swift; path = PlaceholderCell.swift; sourceTree = "<group>"; };
		36D1CA9A1E0DDFDA00ADB5A5 /* CameraViewCell.swift */ = {isa = PBXFileReference; fileEncoding = 4; lastKnownFileType = sourcecode.swift; path = CameraViewCell.swift; sourceTree = "<group>"; };
		36D1CA9B1E0DDFDA00ADB5A5 /* FrontCameraView.swift */ = {isa = PBXFileReference; fileEncoding = 4; lastKnownFileType = sourcecode.swift; path = FrontCameraView.swift; sourceTree = "<group>"; };
		36D1CA9F1E0DDFE500ADB5A5 /* Main.storyboard */ = {isa = PBXFileReference; fileEncoding = 4; lastKnownFileType = file.storyboard; path = Main.storyboard; sourceTree = "<group>"; };
		36D1CAA11E0DE07300ADB5A5 /* SessionViewController.swift */ = {isa = PBXFileReference; fileEncoding = 4; lastKnownFileType = sourcecode.swift; path = SessionViewController.swift; sourceTree = "<group>"; };
		733D5DDB1257C0EDA2C0A692 /* Pods-empa2Tests.debug.xcconfig */ = {isa = PBXFileReference; includeInIndex = 1; lastKnownFileType = text.xcconfig; name = "Pods-empa2Tests.debug.xcconfig"; path = "Pods/Target Support Files/Pods-empa2Tests/Pods-empa2Tests.debug.xcconfig"; sourceTree = "<group>"; };
		C23F709094F2D2DB8A2B26A8 /* Pods-empa2.debug.xcconfig */ = {isa = PBXFileReference; includeInIndex = 1; lastKnownFileType = text.xcconfig; name = "Pods-empa2.debug.xcconfig"; path = "Pods/Target Support Files/Pods-empa2/Pods-empa2.debug.xcconfig"; sourceTree = "<group>"; };
		C898B9FB7EF8853AD4E71D93 /* Pods-empa2.release.xcconfig */ = {isa = PBXFileReference; includeInIndex = 1; lastKnownFileType = text.xcconfig; name = "Pods-empa2.release.xcconfig"; path = "Pods/Target Support Files/Pods-empa2/Pods-empa2.release.xcconfig"; sourceTree = "<group>"; };
		E2F3BC9BBE783EDCF7033AD3 /* Pods-empa2Tests.release.xcconfig */ = {isa = PBXFileReference; includeInIndex = 1; lastKnownFileType = text.xcconfig; name = "Pods-empa2Tests.release.xcconfig"; path = "Pods/Target Support Files/Pods-empa2Tests/Pods-empa2Tests.release.xcconfig"; sourceTree = "<group>"; };
		E70A7009EB48C5C0F1F553EC /* Pods-empa2UITests.debug.xcconfig */ = {isa = PBXFileReference; includeInIndex = 1; lastKnownFileType = text.xcconfig; name = "Pods-empa2UITests.debug.xcconfig"; path = "Pods/Target Support Files/Pods-empa2UITests/Pods-empa2UITests.debug.xcconfig"; sourceTree = "<group>"; };
		EACA32E45050071A182DD9E5 /* Pods_empa2UITests.framework */ = {isa = PBXFileReference; explicitFileType = wrapper.framework; includeInIndex = 0; path = Pods_empa2UITests.framework; sourceTree = BUILT_PRODUCTS_DIR; };
		FB928598B9C6204940C2A02A /* Pods-empa2UITests.release.xcconfig */ = {isa = PBXFileReference; includeInIndex = 1; lastKnownFileType = text.xcconfig; name = "Pods-empa2UITests.release.xcconfig"; path = "Pods/Target Support Files/Pods-empa2UITests/Pods-empa2UITests.release.xcconfig"; sourceTree = "<group>"; };
/* End PBXFileReference section */

/* Begin PBXFrameworksBuildPhase section */
		36D1CA611E0DDE7300ADB5A5 /* Frameworks */ = {
			isa = PBXFrameworksBuildPhase;
			buildActionMask = 2147483647;
			files = (
				361657071E119D2C006798F9 /* Charts.framework in Frameworks */,
				365F61D01E0F9A4A00C0D4B0 /* ResearchKit.framework in Frameworks */,
				27D34FB74FE56793092BEF2C /* Pods_empa2.framework in Frameworks */,
			);
			runOnlyForDeploymentPostprocessing = 0;
		};
		36D1CA751E0DDE7300ADB5A5 /* Frameworks */ = {
			isa = PBXFrameworksBuildPhase;
			buildActionMask = 2147483647;
			files = (
				5C39576911D881DDF41DAD12 /* Pods_empa2Tests.framework in Frameworks */,
			);
			runOnlyForDeploymentPostprocessing = 0;
		};
		36D1CA801E0DDE7300ADB5A5 /* Frameworks */ = {
			isa = PBXFrameworksBuildPhase;
			buildActionMask = 2147483647;
			files = (
				B9BEF937960D894BA1510396 /* Pods_empa2UITests.framework in Frameworks */,
			);
			runOnlyForDeploymentPostprocessing = 0;
		};
/* End PBXFrameworksBuildPhase section */

/* Begin PBXGroup section */
		1DDC0F044A7E3BA1D4FBBE85 /* Frameworks */ = {
			isa = PBXGroup;
			children = (
				17F0FE57B81B3E06330E9B91 /* Pods_empa2.framework */,
				2A24DEDD8DC4C153297F4E2B /* Pods_empa2Tests.framework */,
				EACA32E45050071A182DD9E5 /* Pods_empa2UITests.framework */,
			);
			name = Frameworks;
			sourceTree = "<group>";
		};
		361656FA1E119D25006798F9 /* Products */ = {
			isa = PBXGroup;
			children = (
				361657001E119D25006798F9 /* Charts.framework */,
				361657021E119D25006798F9 /* ChartsRealm.framework */,
				361657041E119D25006798F9 /* ChartsTests.xctest */,
			);
			name = Products;
			sourceTree = "<group>";
		};
		3634DF7D1E0F2B7E00950845 /* Custom Cells + Xibs */ = {
			isa = PBXGroup;
			children = (
				36D1CA991E0DDFDA00ADB5A5 /* PlaceholderCell.swift */,
				36D1CA9A1E0DDFDA00ADB5A5 /* CameraViewCell.swift */,
				36D1CA9B1E0DDFDA00ADB5A5 /* FrontCameraView.swift */,
				36D1CA951E0DDFB100ADB5A5 /* CameraViewCell.xib */,
				36D1CA961E0DDFB100ADB5A5 /* PlaceholderCell.xib */,
			);
			name = "Custom Cells + Xibs";
			sourceTree = "<group>";
		};
		365F61C71E0F9A1F00C0D4B0 /* Products */ = {
			isa = PBXGroup;
			children = (
				365F61CD1E0F9A1F00C0D4B0 /* ResearchKit.framework */,
				365F61CF1E0F9A1F00C0D4B0 /* ResearchKitTests.xctest */,
			);
			name = Products;
			sourceTree = "<group>";
		};
		36D1CA5B1E0DDE7300ADB5A5 = {
			isa = PBXGroup;
			children = (
				361656F91E119D25006798F9 /* Charts.xcodeproj */,
				365F61C61E0F9A1F00C0D4B0 /* ResearchKit.xcodeproj */,
				36D1CA661E0DDE7300ADB5A5 /* empa2 */,
				36D1CA7B1E0DDE7300ADB5A5 /* empa2Tests */,
				36D1CA861E0DDE7300ADB5A5 /* empa2UITests */,
				36D1CA651E0DDE7300ADB5A5 /* Products */,
				CB093AEBFEF7C4304207874D /* Pods */,
				1DDC0F044A7E3BA1D4FBBE85 /* Frameworks */,
			);
			sourceTree = "<group>";
		};
		36D1CA651E0DDE7300ADB5A5 /* Products */ = {
			isa = PBXGroup;
			children = (
				36D1CA641E0DDE7300ADB5A5 /* empa2.app */,
				36D1CA781E0DDE7300ADB5A5 /* empa2Tests.xctest */,
				36D1CA831E0DDE7300ADB5A5 /* empa2UITests.xctest */,
			);
			name = Products;
			sourceTree = "<group>";
		};
		36D1CA661E0DDE7300ADB5A5 /* empa2 */ = {
			isa = PBXGroup;
			children = (
				36D1CA671E0DDE7300ADB5A5 /* AppDelegate.swift */,
				36D1CAA11E0DE07300ADB5A5 /* SessionViewController.swift */,
				3612F2A21E0F8E350060C23C /* DataViewController.swift */,
				365F61C21E0F94B900C0D4B0 /* DataManager.swift */,
				3634DF7D1E0F2B7E00950845 /* Custom Cells + Xibs */,
				3612F2A01E0F833D0060C23C /* Extensions.swift */,
				363CF4AF1E103F6300B43723 /* Protocols.swift */,
				36D1CA9F1E0DDFE500ADB5A5 /* Main.storyboard */,
				36D1CA6E1E0DDE7300ADB5A5 /* Assets.xcassets */,
				36D1CA701E0DDE7300ADB5A5 /* LaunchScreen.storyboard */,
				36D1CA731E0DDE7300ADB5A5 /* Info.plist */,
			);
			path = empa2;
			sourceTree = "<group>";
		};
		36D1CA7B1E0DDE7300ADB5A5 /* empa2Tests */ = {
			isa = PBXGroup;
			children = (
				36D1CA7C1E0DDE7300ADB5A5 /* empa2Tests.swift */,
				36D1CA7E1E0DDE7300ADB5A5 /* Info.plist */,
			);
			path = empa2Tests;
			sourceTree = "<group>";
		};
		36D1CA861E0DDE7300ADB5A5 /* empa2UITests */ = {
			isa = PBXGroup;
			children = (
				36D1CA871E0DDE7300ADB5A5 /* empa2UITests.swift */,
				36D1CA891E0DDE7300ADB5A5 /* Info.plist */,
			);
			path = empa2UITests;
			sourceTree = "<group>";
		};
		CB093AEBFEF7C4304207874D /* Pods */ = {
			isa = PBXGroup;
			children = (
				C23F709094F2D2DB8A2B26A8 /* Pods-empa2.debug.xcconfig */,
				C898B9FB7EF8853AD4E71D93 /* Pods-empa2.release.xcconfig */,
				733D5DDB1257C0EDA2C0A692 /* Pods-empa2Tests.debug.xcconfig */,
				E2F3BC9BBE783EDCF7033AD3 /* Pods-empa2Tests.release.xcconfig */,
				E70A7009EB48C5C0F1F553EC /* Pods-empa2UITests.debug.xcconfig */,
				FB928598B9C6204940C2A02A /* Pods-empa2UITests.release.xcconfig */,
			);
			name = Pods;
			sourceTree = "<group>";
		};
/* End PBXGroup section */

/* Begin PBXNativeTarget section */
		36D1CA631E0DDE7300ADB5A5 /* empa2 */ = {
			isa = PBXNativeTarget;
			buildConfigurationList = 36D1CA8C1E0DDE7300ADB5A5 /* Build configuration list for PBXNativeTarget "empa2" */;
			buildPhases = (
				A7E897A7FA331FED5655381A /* [CP] Check Pods Manifest.lock */,
				36D1CA601E0DDE7300ADB5A5 /* Sources */,
				36D1CA611E0DDE7300ADB5A5 /* Frameworks */,
				36D1CA621E0DDE7300ADB5A5 /* Resources */,
				E34FFBD37B7A69CDCF48188C /* [CP] Embed Pods Frameworks */,
				0C1D1AF7E2605AD162EBEC48 /* [CP] Copy Pods Resources */,
				365F61D41E0F9A4A00C0D4B0 /* Embed Frameworks */,
			);
			buildRules = (
			);
			dependencies = (
				365F61D31E0F9A4A00C0D4B0 /* PBXTargetDependency */,
				3616570A1E119D2C006798F9 /* PBXTargetDependency */,
			);
			name = empa2;
			productName = empa2;
			productReference = 36D1CA641E0DDE7300ADB5A5 /* empa2.app */;
			productType = "com.apple.product-type.application";
		};
		36D1CA771E0DDE7300ADB5A5 /* empa2Tests */ = {
			isa = PBXNativeTarget;
			buildConfigurationList = 36D1CA8F1E0DDE7300ADB5A5 /* Build configuration list for PBXNativeTarget "empa2Tests" */;
			buildPhases = (
				DF9F425FFA016520737BE6BF /* [CP] Check Pods Manifest.lock */,
				36D1CA741E0DDE7300ADB5A5 /* Sources */,
				36D1CA751E0DDE7300ADB5A5 /* Frameworks */,
				36D1CA761E0DDE7300ADB5A5 /* Resources */,
				70FFDB52B92A5A0D703D42BD /* [CP] Embed Pods Frameworks */,
				41AF069A0A0E401E1A353736 /* [CP] Copy Pods Resources */,
			);
			buildRules = (
			);
			dependencies = (
				36D1CA7A1E0DDE7300ADB5A5 /* PBXTargetDependency */,
			);
			name = empa2Tests;
			productName = empa2Tests;
			productReference = 36D1CA781E0DDE7300ADB5A5 /* empa2Tests.xctest */;
			productType = "com.apple.product-type.bundle.unit-test";
		};
		36D1CA821E0DDE7300ADB5A5 /* empa2UITests */ = {
			isa = PBXNativeTarget;
			buildConfigurationList = 36D1CA921E0DDE7300ADB5A5 /* Build configuration list for PBXNativeTarget "empa2UITests" */;
			buildPhases = (
				F5150A615C784E6308026184 /* [CP] Check Pods Manifest.lock */,
				36D1CA7F1E0DDE7300ADB5A5 /* Sources */,
				36D1CA801E0DDE7300ADB5A5 /* Frameworks */,
				36D1CA811E0DDE7300ADB5A5 /* Resources */,
				56C3C59C477999B3E2A87086 /* [CP] Copy Pods Resources */,
			);
			buildRules = (
			);
			dependencies = (
				36D1CA851E0DDE7300ADB5A5 /* PBXTargetDependency */,
			);
			name = empa2UITests;
			productName = empa2UITests;
			productReference = 36D1CA831E0DDE7300ADB5A5 /* empa2UITests.xctest */;
			productType = "com.apple.product-type.bundle.ui-testing";
		};
/* End PBXNativeTarget section */

/* Begin PBXProject section */
		36D1CA5C1E0DDE7300ADB5A5 /* Project object */ = {
			isa = PBXProject;
			attributes = {
				LastSwiftUpdateCheck = 0820;
				LastUpgradeCheck = 0820;
				ORGANIZATIONNAME = "Tyler Angert";
				TargetAttributes = {
					36D1CA631E0DDE7300ADB5A5 = {
						CreatedOnToolsVersion = 8.2;
						DevelopmentTeam = 8TWVWBQE3T;
						ProvisioningStyle = Automatic;
					};
					36D1CA771E0DDE7300ADB5A5 = {
						CreatedOnToolsVersion = 8.2;
						DevelopmentTeam = 8TWVWBQE3T;
						ProvisioningStyle = Automatic;
						TestTargetID = 36D1CA631E0DDE7300ADB5A5;
					};
					36D1CA821E0DDE7300ADB5A5 = {
						CreatedOnToolsVersion = 8.2;
						DevelopmentTeam = 8TWVWBQE3T;
						ProvisioningStyle = Automatic;
						TestTargetID = 36D1CA631E0DDE7300ADB5A5;
					};
				};
			};
			buildConfigurationList = 36D1CA5F1E0DDE7300ADB5A5 /* Build configuration list for PBXProject "empa2" */;
			compatibilityVersion = "Xcode 3.2";
			developmentRegion = English;
			hasScannedForEncodings = 0;
			knownRegions = (
				en,
				Base,
			);
			mainGroup = 36D1CA5B1E0DDE7300ADB5A5;
			productRefGroup = 36D1CA651E0DDE7300ADB5A5 /* Products */;
			projectDirPath = "";
			projectReferences = (
				{
					ProductGroup = 361656FA1E119D25006798F9 /* Products */;
					ProjectRef = 361656F91E119D25006798F9 /* Charts.xcodeproj */;
				},
				{
					ProductGroup = 365F61C71E0F9A1F00C0D4B0 /* Products */;
					ProjectRef = 365F61C61E0F9A1F00C0D4B0 /* ResearchKit.xcodeproj */;
				},
			);
			projectRoot = "";
			targets = (
				36D1CA631E0DDE7300ADB5A5 /* empa2 */,
				36D1CA771E0DDE7300ADB5A5 /* empa2Tests */,
				36D1CA821E0DDE7300ADB5A5 /* empa2UITests */,
			);
		};
/* End PBXProject section */

/* Begin PBXReferenceProxy section */
		361657001E119D25006798F9 /* Charts.framework */ = {
			isa = PBXReferenceProxy;
			fileType = wrapper.framework;
			path = Charts.framework;
			remoteRef = 361656FF1E119D25006798F9 /* PBXContainerItemProxy */;
			sourceTree = BUILT_PRODUCTS_DIR;
		};
		361657021E119D25006798F9 /* ChartsRealm.framework */ = {
			isa = PBXReferenceProxy;
			fileType = wrapper.framework;
			path = ChartsRealm.framework;
			remoteRef = 361657011E119D25006798F9 /* PBXContainerItemProxy */;
			sourceTree = BUILT_PRODUCTS_DIR;
		};
		361657041E119D25006798F9 /* ChartsTests.xctest */ = {
			isa = PBXReferenceProxy;
			fileType = wrapper.cfbundle;
			path = ChartsTests.xctest;
			remoteRef = 361657031E119D25006798F9 /* PBXContainerItemProxy */;
			sourceTree = BUILT_PRODUCTS_DIR;
		};
		365F61CD1E0F9A1F00C0D4B0 /* ResearchKit.framework */ = {
			isa = PBXReferenceProxy;
			fileType = wrapper.framework;
			path = ResearchKit.framework;
			remoteRef = 365F61CC1E0F9A1F00C0D4B0 /* PBXContainerItemProxy */;
			sourceTree = BUILT_PRODUCTS_DIR;
		};
		365F61CF1E0F9A1F00C0D4B0 /* ResearchKitTests.xctest */ = {
			isa = PBXReferenceProxy;
			fileType = wrapper.cfbundle;
			path = ResearchKitTests.xctest;
			remoteRef = 365F61CE1E0F9A1F00C0D4B0 /* PBXContainerItemProxy */;
			sourceTree = BUILT_PRODUCTS_DIR;
		};
/* End PBXReferenceProxy section */

/* Begin PBXResourcesBuildPhase section */
		36D1CA621E0DDE7300ADB5A5 /* Resources */ = {
			isa = PBXResourcesBuildPhase;
			buildActionMask = 2147483647;
			files = (
				36D1CA721E0DDE7300ADB5A5 /* LaunchScreen.storyboard in Resources */,
				36D1CA6F1E0DDE7300ADB5A5 /* Assets.xcassets in Resources */,
				36D1CAA01E0DDFE500ADB5A5 /* Main.storyboard in Resources */,
				36D1CA971E0DDFB100ADB5A5 /* CameraViewCell.xib in Resources */,
				36D1CA981E0DDFB100ADB5A5 /* PlaceholderCell.xib in Resources */,
			);
			runOnlyForDeploymentPostprocessing = 0;
		};
		36D1CA761E0DDE7300ADB5A5 /* Resources */ = {
			isa = PBXResourcesBuildPhase;
			buildActionMask = 2147483647;
			files = (
			);
			runOnlyForDeploymentPostprocessing = 0;
		};
		36D1CA811E0DDE7300ADB5A5 /* Resources */ = {
			isa = PBXResourcesBuildPhase;
			buildActionMask = 2147483647;
			files = (
			);
			runOnlyForDeploymentPostprocessing = 0;
		};
/* End PBXResourcesBuildPhase section */

/* Begin PBXShellScriptBuildPhase section */
		0C1D1AF7E2605AD162EBEC48 /* [CP] Copy Pods Resources */ = {
			isa = PBXShellScriptBuildPhase;
			buildActionMask = 2147483647;
			files = (
			);
			inputPaths = (
			);
			name = "[CP] Copy Pods Resources";
			outputPaths = (
			);
			runOnlyForDeploymentPostprocessing = 0;
			shellPath = /bin/sh;
			shellScript = "\"${SRCROOT}/Pods/Target Support Files/Pods-empa2/Pods-empa2-resources.sh\"\n";
			showEnvVarsInLog = 0;
		};
		41AF069A0A0E401E1A353736 /* [CP] Copy Pods Resources */ = {
			isa = PBXShellScriptBuildPhase;
			buildActionMask = 2147483647;
			files = (
			);
			inputPaths = (
			);
			name = "[CP] Copy Pods Resources";
			outputPaths = (
			);
			runOnlyForDeploymentPostprocessing = 0;
			shellPath = /bin/sh;
			shellScript = "\"${SRCROOT}/Pods/Target Support Files/Pods-empa2Tests/Pods-empa2Tests-resources.sh\"\n";
			showEnvVarsInLog = 0;
		};
		56C3C59C477999B3E2A87086 /* [CP] Copy Pods Resources */ = {
			isa = PBXShellScriptBuildPhase;
			buildActionMask = 2147483647;
			files = (
			);
			inputPaths = (
			);
			name = "[CP] Copy Pods Resources";
			outputPaths = (
			);
			runOnlyForDeploymentPostprocessing = 0;
			shellPath = /bin/sh;
			shellScript = "\"${SRCROOT}/Pods/Target Support Files/Pods-empa2UITests/Pods-empa2UITests-resources.sh\"\n";
			showEnvVarsInLog = 0;
		};
		70FFDB52B92A5A0D703D42BD /* [CP] Embed Pods Frameworks */ = {
			isa = PBXShellScriptBuildPhase;
			buildActionMask = 2147483647;
			files = (
			);
			inputPaths = (
			);
			name = "[CP] Embed Pods Frameworks";
			outputPaths = (
			);
			runOnlyForDeploymentPostprocessing = 0;
			shellPath = /bin/sh;
			shellScript = "\"${SRCROOT}/Pods/Target Support Files/Pods-empa2Tests/Pods-empa2Tests-frameworks.sh\"\n";
			showEnvVarsInLog = 0;
		};
		A7E897A7FA331FED5655381A /* [CP] Check Pods Manifest.lock */ = {
			isa = PBXShellScriptBuildPhase;
			buildActionMask = 2147483647;
			files = (
			);
			inputPaths = (
			);
			name = "[CP] Check Pods Manifest.lock";
			outputPaths = (
			);
			runOnlyForDeploymentPostprocessing = 0;
			shellPath = /bin/sh;
			shellScript = "diff \"${PODS_ROOT}/../Podfile.lock\" \"${PODS_ROOT}/Manifest.lock\" > /dev/null\nif [[ $? != 0 ]] ; then\n    cat << EOM\nerror: The sandbox is not in sync with the Podfile.lock. Run 'pod install' or update your CocoaPods installation.\nEOM\n    exit 1\nfi\n";
			showEnvVarsInLog = 0;
		};
		DF9F425FFA016520737BE6BF /* [CP] Check Pods Manifest.lock */ = {
			isa = PBXShellScriptBuildPhase;
			buildActionMask = 2147483647;
			files = (
			);
			inputPaths = (
			);
			name = "[CP] Check Pods Manifest.lock";
			outputPaths = (
			);
			runOnlyForDeploymentPostprocessing = 0;
			shellPath = /bin/sh;
			shellScript = "diff \"${PODS_ROOT}/../Podfile.lock\" \"${PODS_ROOT}/Manifest.lock\" > /dev/null\nif [[ $? != 0 ]] ; then\n    cat << EOM\nerror: The sandbox is not in sync with the Podfile.lock. Run 'pod install' or update your CocoaPods installation.\nEOM\n    exit 1\nfi\n";
			showEnvVarsInLog = 0;
		};
		E34FFBD37B7A69CDCF48188C /* [CP] Embed Pods Frameworks */ = {
			isa = PBXShellScriptBuildPhase;
			buildActionMask = 2147483647;
			files = (
			);
			inputPaths = (
			);
			name = "[CP] Embed Pods Frameworks";
			outputPaths = (
			);
			runOnlyForDeploymentPostprocessing = 0;
			shellPath = /bin/sh;
			shellScript = "\"${SRCROOT}/Pods/Target Support Files/Pods-empa2/Pods-empa2-frameworks.sh\"\n";
			showEnvVarsInLog = 0;
		};
		F5150A615C784E6308026184 /* [CP] Check Pods Manifest.lock */ = {
			isa = PBXShellScriptBuildPhase;
			buildActionMask = 2147483647;
			files = (
			);
			inputPaths = (
			);
			name = "[CP] Check Pods Manifest.lock";
			outputPaths = (
			);
			runOnlyForDeploymentPostprocessing = 0;
			shellPath = /bin/sh;
			shellScript = "diff \"${PODS_ROOT}/../Podfile.lock\" \"${PODS_ROOT}/Manifest.lock\" > /dev/null\nif [[ $? != 0 ]] ; then\n    cat << EOM\nerror: The sandbox is not in sync with the Podfile.lock. Run 'pod install' or update your CocoaPods installation.\nEOM\n    exit 1\nfi\n";
			showEnvVarsInLog = 0;
		};
/* End PBXShellScriptBuildPhase section */

/* Begin PBXSourcesBuildPhase section */
		36D1CA601E0DDE7300ADB5A5 /* Sources */ = {
			isa = PBXSourcesBuildPhase;
			buildActionMask = 2147483647;
			files = (
				36D1CAA21E0DE07300ADB5A5 /* SessionViewController.swift in Sources */,
				365F61C31E0F94B900C0D4B0 /* DataManager.swift in Sources */,
				36D1CA681E0DDE7300ADB5A5 /* AppDelegate.swift in Sources */,
				36D1CA9C1E0DDFDA00ADB5A5 /* PlaceholderCell.swift in Sources */,
				363CF4B01E103F6300B43723 /* Protocols.swift in Sources */,
				3612F2A31E0F8E350060C23C /* DataViewController.swift in Sources */,
				36D1CA9D1E0DDFDA00ADB5A5 /* CameraViewCell.swift in Sources */,
				36D1CA9E1E0DDFDA00ADB5A5 /* FrontCameraView.swift in Sources */,
				3612F2A11E0F833D0060C23C /* Extensions.swift in Sources */,
			);
			runOnlyForDeploymentPostprocessing = 0;
		};
		36D1CA741E0DDE7300ADB5A5 /* Sources */ = {
			isa = PBXSourcesBuildPhase;
			buildActionMask = 2147483647;
			files = (
				36D1CA7D1E0DDE7300ADB5A5 /* empa2Tests.swift in Sources */,
			);
			runOnlyForDeploymentPostprocessing = 0;
		};
		36D1CA7F1E0DDE7300ADB5A5 /* Sources */ = {
			isa = PBXSourcesBuildPhase;
			buildActionMask = 2147483647;
			files = (
				36D1CA881E0DDE7300ADB5A5 /* empa2UITests.swift in Sources */,
			);
			runOnlyForDeploymentPostprocessing = 0;
		};
/* End PBXSourcesBuildPhase section */

/* Begin PBXTargetDependency section */
		3616570A1E119D2C006798F9 /* PBXTargetDependency */ = {
			isa = PBXTargetDependency;
			name = Charts;
			targetProxy = 361657091E119D2C006798F9 /* PBXContainerItemProxy */;
		};
		365F61D31E0F9A4A00C0D4B0 /* PBXTargetDependency */ = {
			isa = PBXTargetDependency;
			name = ResearchKit;
			targetProxy = 365F61D21E0F9A4A00C0D4B0 /* PBXContainerItemProxy */;
		};
		36D1CA7A1E0DDE7300ADB5A5 /* PBXTargetDependency */ = {
			isa = PBXTargetDependency;
			target = 36D1CA631E0DDE7300ADB5A5 /* empa2 */;
			targetProxy = 36D1CA791E0DDE7300ADB5A5 /* PBXContainerItemProxy */;
		};
		36D1CA851E0DDE7300ADB5A5 /* PBXTargetDependency */ = {
			isa = PBXTargetDependency;
			target = 36D1CA631E0DDE7300ADB5A5 /* empa2 */;
			targetProxy = 36D1CA841E0DDE7300ADB5A5 /* PBXContainerItemProxy */;
		};
/* End PBXTargetDependency section */

/* Begin PBXVariantGroup section */
		36D1CA701E0DDE7300ADB5A5 /* LaunchScreen.storyboard */ = {
			isa = PBXVariantGroup;
			children = (
				36D1CA711E0DDE7300ADB5A5 /* Base */,
			);
			name = LaunchScreen.storyboard;
			sourceTree = "<group>";
		};
/* End PBXVariantGroup section */

/* Begin XCBuildConfiguration section */
		36D1CA8A1E0DDE7300ADB5A5 /* Debug */ = {
			isa = XCBuildConfiguration;
			buildSettings = {
				ALWAYS_SEARCH_USER_PATHS = NO;
				CLANG_ANALYZER_NONNULL = YES;
				CLANG_CXX_LANGUAGE_STANDARD = "gnu++0x";
				CLANG_CXX_LIBRARY = "libc++";
				CLANG_ENABLE_MODULES = YES;
				CLANG_ENABLE_OBJC_ARC = YES;
				CLANG_WARN_BOOL_CONVERSION = YES;
				CLANG_WARN_CONSTANT_CONVERSION = YES;
				CLANG_WARN_DIRECT_OBJC_ISA_USAGE = YES_ERROR;
				CLANG_WARN_DOCUMENTATION_COMMENTS = YES;
				CLANG_WARN_EMPTY_BODY = YES;
				CLANG_WARN_ENUM_CONVERSION = YES;
				CLANG_WARN_INFINITE_RECURSION = YES;
				CLANG_WARN_INT_CONVERSION = YES;
				CLANG_WARN_OBJC_ROOT_CLASS = YES_ERROR;
				CLANG_WARN_SUSPICIOUS_MOVE = YES;
				CLANG_WARN_UNREACHABLE_CODE = YES;
				CLANG_WARN__DUPLICATE_METHOD_MATCH = YES;
				"CODE_SIGN_IDENTITY[sdk=iphoneos*]" = "iPhone Developer";
				COPY_PHASE_STRIP = NO;
				DEBUG_INFORMATION_FORMAT = dwarf;
				ENABLE_STRICT_OBJC_MSGSEND = YES;
				ENABLE_TESTABILITY = YES;
				GCC_C_LANGUAGE_STANDARD = gnu99;
				GCC_DYNAMIC_NO_PIC = NO;
				GCC_NO_COMMON_BLOCKS = YES;
				GCC_OPTIMIZATION_LEVEL = 0;
				GCC_PREPROCESSOR_DEFINITIONS = (
					"DEBUG=1",
					"$(inherited)",
				);
				GCC_WARN_64_TO_32_BIT_CONVERSION = YES;
				GCC_WARN_ABOUT_RETURN_TYPE = YES_ERROR;
				GCC_WARN_UNDECLARED_SELECTOR = YES;
				GCC_WARN_UNINITIALIZED_AUTOS = YES_AGGRESSIVE;
				GCC_WARN_UNUSED_FUNCTION = YES;
				GCC_WARN_UNUSED_VARIABLE = YES;
				IPHONEOS_DEPLOYMENT_TARGET = 10.2;
				MTL_ENABLE_DEBUG_INFO = YES;
				ONLY_ACTIVE_ARCH = YES;
				SDKROOT = iphoneos;
				SWIFT_ACTIVE_COMPILATION_CONDITIONS = DEBUG;
				SWIFT_OPTIMIZATION_LEVEL = "-Onone";
				TARGETED_DEVICE_FAMILY = "1,2";
			};
			name = Debug;
		};
		36D1CA8B1E0DDE7300ADB5A5 /* Release */ = {
			isa = XCBuildConfiguration;
			buildSettings = {
				ALWAYS_SEARCH_USER_PATHS = NO;
				CLANG_ANALYZER_NONNULL = YES;
				CLANG_CXX_LANGUAGE_STANDARD = "gnu++0x";
				CLANG_CXX_LIBRARY = "libc++";
				CLANG_ENABLE_MODULES = YES;
				CLANG_ENABLE_OBJC_ARC = YES;
				CLANG_WARN_BOOL_CONVERSION = YES;
				CLANG_WARN_CONSTANT_CONVERSION = YES;
				CLANG_WARN_DIRECT_OBJC_ISA_USAGE = YES_ERROR;
				CLANG_WARN_DOCUMENTATION_COMMENTS = YES;
				CLANG_WARN_EMPTY_BODY = YES;
				CLANG_WARN_ENUM_CONVERSION = YES;
				CLANG_WARN_INFINITE_RECURSION = YES;
				CLANG_WARN_INT_CONVERSION = YES;
				CLANG_WARN_OBJC_ROOT_CLASS = YES_ERROR;
				CLANG_WARN_SUSPICIOUS_MOVE = YES;
				CLANG_WARN_UNREACHABLE_CODE = YES;
				CLANG_WARN__DUPLICATE_METHOD_MATCH = YES;
				"CODE_SIGN_IDENTITY[sdk=iphoneos*]" = "iPhone Developer";
				COPY_PHASE_STRIP = NO;
				DEBUG_INFORMATION_FORMAT = "dwarf-with-dsym";
				ENABLE_NS_ASSERTIONS = NO;
				ENABLE_STRICT_OBJC_MSGSEND = YES;
				GCC_C_LANGUAGE_STANDARD = gnu99;
				GCC_NO_COMMON_BLOCKS = YES;
				GCC_WARN_64_TO_32_BIT_CONVERSION = YES;
				GCC_WARN_ABOUT_RETURN_TYPE = YES_ERROR;
				GCC_WARN_UNDECLARED_SELECTOR = YES;
				GCC_WARN_UNINITIALIZED_AUTOS = YES_AGGRESSIVE;
				GCC_WARN_UNUSED_FUNCTION = YES;
				GCC_WARN_UNUSED_VARIABLE = YES;
				IPHONEOS_DEPLOYMENT_TARGET = 10.2;
				MTL_ENABLE_DEBUG_INFO = NO;
				SDKROOT = iphoneos;
				SWIFT_OPTIMIZATION_LEVEL = "-Owholemodule";
				TARGETED_DEVICE_FAMILY = "1,2";
				VALIDATE_PRODUCT = YES;
			};
			name = Release;
		};
		36D1CA8D1E0DDE7300ADB5A5 /* Debug */ = {
			isa = XCBuildConfiguration;
			baseConfigurationReference = C23F709094F2D2DB8A2B26A8 /* Pods-empa2.debug.xcconfig */;
			buildSettings = {
				ALWAYS_EMBED_SWIFT_STANDARD_LIBRARIES = YES;
				ASSETCATALOG_COMPILER_APPICON_NAME = AppIcon;
				DEVELOPMENT_TEAM = 8TWVWBQE3T;
				INFOPLIST_FILE = empa2/Info.plist;
				LD_RUNPATH_SEARCH_PATHS = "$(inherited) @executable_path/Frameworks";
				PRODUCT_BUNDLE_IDENTIFIER = tangert.empa2;
				PRODUCT_NAME = "$(TARGET_NAME)";
				SWIFT_VERSION = 3.0;
			};
			name = Debug;
		};
		36D1CA8E1E0DDE7300ADB5A5 /* Release */ = {
			isa = XCBuildConfiguration;
			baseConfigurationReference = C898B9FB7EF8853AD4E71D93 /* Pods-empa2.release.xcconfig */;
			buildSettings = {
				ALWAYS_EMBED_SWIFT_STANDARD_LIBRARIES = YES;
				ASSETCATALOG_COMPILER_APPICON_NAME = AppIcon;
				DEVELOPMENT_TEAM = 8TWVWBQE3T;
				INFOPLIST_FILE = empa2/Info.plist;
				LD_RUNPATH_SEARCH_PATHS = "$(inherited) @executable_path/Frameworks";
				PRODUCT_BUNDLE_IDENTIFIER = tangert.empa2;
				PRODUCT_NAME = "$(TARGET_NAME)";
				SWIFT_VERSION = 3.0;
			};
			name = Release;
		};
		36D1CA901E0DDE7300ADB5A5 /* Debug */ = {
			isa = XCBuildConfiguration;
			baseConfigurationReference = 733D5DDB1257C0EDA2C0A692 /* Pods-empa2Tests.debug.xcconfig */;
			buildSettings = {
				ALWAYS_EMBED_SWIFT_STANDARD_LIBRARIES = YES;
				BUNDLE_LOADER = "$(TEST_HOST)";
				DEVELOPMENT_TEAM = 8TWVWBQE3T;
				INFOPLIST_FILE = empa2Tests/Info.plist;
				LD_RUNPATH_SEARCH_PATHS = "$(inherited) @executable_path/Frameworks @loader_path/Frameworks";
				PRODUCT_BUNDLE_IDENTIFIER = tangert.empa2Tests;
				PRODUCT_NAME = "$(TARGET_NAME)";
				SWIFT_VERSION = 3.0;
				TEST_HOST = "$(BUILT_PRODUCTS_DIR)/empa2.app/empa2";
			};
			name = Debug;
		};
		36D1CA911E0DDE7300ADB5A5 /* Release */ = {
			isa = XCBuildConfiguration;
			baseConfigurationReference = E2F3BC9BBE783EDCF7033AD3 /* Pods-empa2Tests.release.xcconfig */;
			buildSettings = {
				ALWAYS_EMBED_SWIFT_STANDARD_LIBRARIES = YES;
				BUNDLE_LOADER = "$(TEST_HOST)";
				DEVELOPMENT_TEAM = 8TWVWBQE3T;
				INFOPLIST_FILE = empa2Tests/Info.plist;
				LD_RUNPATH_SEARCH_PATHS = "$(inherited) @executable_path/Frameworks @loader_path/Frameworks";
				PRODUCT_BUNDLE_IDENTIFIER = tangert.empa2Tests;
				PRODUCT_NAME = "$(TARGET_NAME)";
				SWIFT_VERSION = 3.0;
				TEST_HOST = "$(BUILT_PRODUCTS_DIR)/empa2.app/empa2";
			};
			name = Release;
		};
		36D1CA931E0DDE7300ADB5A5 /* Debug */ = {
			isa = XCBuildConfiguration;
			baseConfigurationReference = E70A7009EB48C5C0F1F553EC /* Pods-empa2UITests.debug.xcconfig */;
			buildSettings = {
				ALWAYS_EMBED_SWIFT_STANDARD_LIBRARIES = YES;
				DEVELOPMENT_TEAM = 8TWVWBQE3T;
				INFOPLIST_FILE = empa2UITests/Info.plist;
				LD_RUNPATH_SEARCH_PATHS = "$(inherited) @executable_path/Frameworks @loader_path/Frameworks";
				PRODUCT_BUNDLE_IDENTIFIER = tangert.empa2UITests;
				PRODUCT_NAME = "$(TARGET_NAME)";
				SWIFT_VERSION = 3.0;
				TEST_TARGET_NAME = empa2;
			};
			name = Debug;
		};
		36D1CA941E0DDE7300ADB5A5 /* Release */ = {
			isa = XCBuildConfiguration;
			baseConfigurationReference = FB928598B9C6204940C2A02A /* Pods-empa2UITests.release.xcconfig */;
			buildSettings = {
				ALWAYS_EMBED_SWIFT_STANDARD_LIBRARIES = YES;
				DEVELOPMENT_TEAM = 8TWVWBQE3T;
				INFOPLIST_FILE = empa2UITests/Info.plist;
				LD_RUNPATH_SEARCH_PATHS = "$(inherited) @executable_path/Frameworks @loader_path/Frameworks";
				PRODUCT_BUNDLE_IDENTIFIER = tangert.empa2UITests;
				PRODUCT_NAME = "$(TARGET_NAME)";
				SWIFT_VERSION = 3.0;
				TEST_TARGET_NAME = empa2;
			};
			name = Release;
		};
/* End XCBuildConfiguration section */

/* Begin XCConfigurationList section */
		36D1CA5F1E0DDE7300ADB5A5 /* Build configuration list for PBXProject "empa2" */ = {
			isa = XCConfigurationList;
			buildConfigurations = (
				36D1CA8A1E0DDE7300ADB5A5 /* Debug */,
				36D1CA8B1E0DDE7300ADB5A5 /* Release */,
			);
			defaultConfigurationIsVisible = 0;
			defaultConfigurationName = Release;
		};
		36D1CA8C1E0DDE7300ADB5A5 /* Build configuration list for PBXNativeTarget "empa2" */ = {
			isa = XCConfigurationList;
			buildConfigurations = (
				36D1CA8D1E0DDE7300ADB5A5 /* Debug */,
				36D1CA8E1E0DDE7300ADB5A5 /* Release */,
			);
			defaultConfigurationIsVisible = 0;
			defaultConfigurationName = Release;
		};
		36D1CA8F1E0DDE7300ADB5A5 /* Build configuration list for PBXNativeTarget "empa2Tests" */ = {
			isa = XCConfigurationList;
			buildConfigurations = (
				36D1CA901E0DDE7300ADB5A5 /* Debug */,
				36D1CA911E0DDE7300ADB5A5 /* Release */,
			);
			defaultConfigurationIsVisible = 0;
			defaultConfigurationName = Release;
		};
		36D1CA921E0DDE7300ADB5A5 /* Build configuration list for PBXNativeTarget "empa2UITests" */ = {
			isa = XCConfigurationList;
			buildConfigurations = (
				36D1CA931E0DDE7300ADB5A5 /* Debug */,
				36D1CA941E0DDE7300ADB5A5 /* Release */,
			);
			defaultConfigurationIsVisible = 0;
			defaultConfigurationName = Release;
		};
/* End XCConfigurationList section */
	};
	rootObject = 36D1CA5C1E0DDE7300ADB5A5 /* Project object */;
}
